
Microsoft Visual Studio Solution File, Format Version 12.00
# Visual Studio Version 16
VisualStudioVersion = 16.0.31605.320
MinimumVisualStudioVersion = 10.0.40219.1
Project("{FAE04EC0-301F-11D3-BF4B-00C04F79EFBC}") = "Library", "Library\Library.csproj", "{B4A69F51-BA96-4602-B2F7-F12A66A9C572}"
EndProject
Global
	GlobalSection(SolutionConfigurationPlatforms) = preSolution
		Debug|Any CPU = Debug|Any CPU
		Release|Any CPU = Release|Any CPU
	EndGlobalSection
	GlobalSection(ProjectConfigurationPlatforms) = postSolution
		{B4A69F51-BA96-4602-B2F7-F12A66A9C572}.Debug|Any CPU.ActiveCfg = Debug|Any CPU
		{B4A69F51-BA96-4602-B2F7-F12A66A9C572}.Debug|Any CPU.Build.0 = Debug|Any CPU
		{B4A69F51-BA96-4602-B2F7-F12A66A9C572}.Release|Any CPU.ActiveCfg = Release|Any CPU
		{B4A69F51-BA96-4602-B2F7-F12A66A9C572}.Release|Any CPU.Build.0 = Release|Any CPU
	EndGlobalSection
	GlobalSection(SolutionProperties) = preSolution
		HideSolutionNode = FALSE
	EndGlobalSection
	GlobalSection(ExtensibilityGlobals) = postSolution
		SolutionGuid = {1C25408B-C5B7-452D-8DDD-1DD7308FFDC4}
	EndGlobalSection
EndGlobal
